<?xml version="1.0" encoding="UTF-8"?>
<Scheme
   LastUpgradeVersion = "1410"
   version = "1.3">
   <BuildAction
      parallelizeBuildables = "YES"
      buildImplicitDependencies = "YES">
      <BuildActionEntries>
         <BuildActionEntry
            buildForTesting = "YES"
            buildForRunning = "YES"
            buildForProfiling = "YES"
            buildForArchiving = "YES"
            buildForAnalyzing = "YES">
            <BuildableReference
               BuildableIdentifier = "primary"
               BlueprintIdentifier = "A54883DE28AE9D1F00F7AC34"
               BuildableName = "hvftool"
               BlueprintName = "hvftool"
               ReferencedContainer = "container:hvftool.xcodeproj">
            </BuildableReference>
         </BuildActionEntry>
      </BuildActionEntries>
   </BuildAction>
   <TestAction
      buildConfiguration = "Debug"
      selectedDebuggerIdentifier = "Xcode.DebuggerFoundation.Debugger.LLDB"
      selectedLauncherIdentifier = "Xcode.DebuggerFoundation.Launcher.LLDB"
      shouldUseLaunchSchemeArgsEnv = "YES">
      <Testables>
      </Testables>
   </TestAction>
   <LaunchAction
      buildConfiguration = "Debug"
      selectedDebuggerIdentifier = "Xcode.DebuggerFoundation.Debugger.LLDB"
      selectedLauncherIdentifier = "Xcode.DebuggerFoundation.Launcher.LLDB"
      launchStyle = "0"
      useCustomWorkingDirectory = "NO"
      ignoresPersistentStateOnLaunch = "NO"
      debugDocumentVersioning = "YES"
      debugServiceExtension = "internal"
      allowLocationSimulation = "YES">
      <BuildableProductRunnable
         runnableDebuggingMode = "0">
         <BuildableReference
            BuildableIdentifier = "primary"
            BlueprintIdentifier = "A54883DE28AE9D1F00F7AC34"
            BuildableName = "hvftool"
            BlueprintName = "hvftool"
            ReferencedContainer = "container:hvftool.xcodeproj">
         </BuildableReference>
      </BuildableProductRunnable>
      <CommandLineArguments>
         <CommandLineArgument
            argument = "-memory-layout mach-o"
            isEnabled = "YES">
         </CommandLineArgument>
         <CommandLineArgument
            argument = "-vobj CPU||hostcpu#cluster=P"
            isEnabled = "YES">
         </CommandLineArgument>
         <CommandLineArgument
            argument = "-vobj CPU||hostcpu#cluster=E"
            isEnabled = "YES">
         </CommandLineArgument>
         <CommandLineArgument
            argument = "-fdt chosen:stdout-path=pl011@f80000000"
            isEnabled = "YES">
         </CommandLineArgument>
         <CommandLineArgument
            argument = "-debug-breakpoint _run"
            isEnabled = "YES">
         </CommandLineArgument>
         <CommandLineArgument
            argument = "-dump-fdt /tmp/hvftool.dtb"
            isEnabled = "YES">
         </CommandLineArgument>
         <CommandLineArgument
            argument = "-vobj PSCI"
            isEnabled = "YES">
         </CommandLineArgument>
         <CommandLineArgument
            argument = "-vobj RAM#address=0x0000000100000000||hostmem#size=256"
            isEnabled = "YES">
         </CommandLineArgument>
         <CommandLineArgument
            argument = "-vobj PL011#clocks=0x8000,0x8000||stdio"
            isEnabled = "YES">
         </CommandLineArgument>
         <CommandLineArgument
            argument = "$(PROJECT_DIR)/workloads//el1test"
            isEnabled = "YES">
         </CommandLineArgument>
      </CommandLineArguments>
      <EnvironmentVariables>
         <EnvironmentVariable
            key = ""
            value = ""
            isEnabled = "YES">
         </EnvironmentVariable>
         <EnvironmentVariable
            key = ""
            value = ""
            isEnabled = "YES">
         </EnvironmentVariable>
      </EnvironmentVariables>
   </LaunchAction>
   <ProfileAction
      buildConfiguration = "Release"
      shouldUseLaunchSchemeArgsEnv = "YES"
      savedToolIdentifier = ""
      useCustomWorkingDirectory = "NO"
      debugDocumentVersioning = "YES">
      <BuildableProductRunnable
         runnableDebuggingMode = "0">
         <BuildableReference
            BuildableIdentifier = "primary"
            BlueprintIdentifier = "A54883DE28AE9D1F00F7AC34"
            BuildableName = "hvftool"
            BlueprintName = "hvftool"
            ReferencedContainer = "container:hvftool.xcodeproj">
         </BuildableReference>
      </BuildableProductRunnable>
   </ProfileAction>
   <AnalyzeAction
      buildConfiguration = "Debug">
   </AnalyzeAction>
   <ArchiveAction
      buildConfiguration = "Release"
      revealArchiveInOrganizer = "YES">
   </ArchiveAction>
</Scheme>
